// !$*UTF8*$!
{
	archiveVersion = 1;
	classes = {
	};
	objectVersion = 77;
	objects = {

/* Begin PBXBuildFile section */
		6AF7E3062CE209B400DB6091 /* Preview Assets.xcassets in Resources */ = {isa = PBXBuildFile; fileRef = 6AF7E3002CE209B400DB6091 /* Preview Assets.xcassets */; };
		6AF7E3072CE209B400DB6091 /* Assets.xcassets in Resources */ = {isa = PBXBuildFile; fileRef = 6AF7E3022CE209B400DB6091 /* Assets.xcassets */; };
		6AF7E3082CE209B400DB6091 /* ContentView.swift in Sources */ = {isa = PBXBuildFile; fileRef = 6AF7E3032CE209B400DB6091 /* ContentView.swift */; };
		6AF7E3092CE209B400DB6091 /* YummlyApp.swift in Sources */ = {isa = PBXBuildFile; fileRef = 6AF7E3042CE209B400DB6091 /* YummlyApp.swift */; };
		6AF7E30C2CE209B400DB6091 /* YummlyTests.swift in Sources */ = {isa = PBXBuildFile; fileRef = 6AF7E30A2CE209B400DB6091 /* YummlyTests.swift */; };
		6AF7E3142CE20B1400DB6091 /* RecipesService.swift in Sources */ = {isa = PBXBuildFile; fileRef = 6AF7E3132CE20B1400DB6091 /* RecipesService.swift */; };
		6AF7E31C2CE2141100DB6091 /* RecipeListViewModel.swift in Sources */ = {isa = PBXBuildFile; fileRef = 6AF7E31B2CE2141100DB6091 /* RecipeListViewModel.swift */; };
		6AF7E31F2CE2242600DB6091 /* Recipe.swift in Sources */ = {isa = PBXBuildFile; fileRef = 6AF7E31E2CE2242600DB6091 /* Recipe.swift */; };
		6AF7E3252CE2277F00DB6091 /* Alamofire in Frameworks */ = {isa = PBXBuildFile; productRef = 6AF7E3242CE2277F00DB6091 /* Alamofire */; };
		6AF7E32C2CE32E8D00DB6091 /* RecipesView.swift in Sources */ = {isa = PBXBuildFile; fileRef = 6AF7E32B2CE32E8D00DB6091 /* RecipesView.swift */; };
		6AF7E32F2CE32F0D00DB6091 /* Kingfisher in Frameworks */ = {isa = PBXBuildFile; productRef = 6AF7E32E2CE32F0D00DB6091 /* Kingfisher */; };
		6AF7E3332CE330E200DB6091 /* RecipeCell.swift in Sources */ = {isa = PBXBuildFile; fileRef = 6AF7E3322CE330E200DB6091 /* RecipeCell.swift */; };
		6AF7E33F2CE389C900DB6091 /* Localizable.xcstrings in Resources */ = {isa = PBXBuildFile; fileRef = 6AF7E33E2CE389C900DB6091 /* Localizable.xcstrings */; };
		6AF7E3412CE38FF600DB6091 /* NetworkManager.swift in Sources */ = {isa = PBXBuildFile; fileRef = 6AF7E3402CE38FF600DB6091 /* NetworkManager.swift */; };
/* End PBXBuildFile section */

/* Begin PBXContainerItemProxy section */
		6AF7E2D02CE2091B00DB6091 /* PBXContainerItemProxy */ = {
			isa = PBXContainerItemProxy;
			containerPortal = 6AF7E2B72CE2091900DB6091 /* Project object */;
			proxyType = 1;
			remoteGlobalIDString = 6AF7E2BE2CE2091900DB6091;
			remoteInfo = Yummly;
		};
		6AF7E2DA2CE2091B00DB6091 /* PBXContainerItemProxy */ = {
			isa = PBXContainerItemProxy;
			containerPortal = 6AF7E2B72CE2091900DB6091 /* Project object */;
			proxyType = 1;
			remoteGlobalIDString = 6AF7E2BE2CE2091900DB6091;
			remoteInfo = Yummly;
		};
/* End PBXContainerItemProxy section */

/* Begin PBXFileReference section */
		6AF7E2BF2CE2091900DB6091 /* Yummly.app */ = {isa = PBXFileReference; explicitFileType = wrapper.application; includeInIndex = 0; path = Yummly.app; sourceTree = BUILT_PRODUCTS_DIR; };
		6AF7E2CF2CE2091B00DB6091 /* YummlyTests.xctest */ = {isa = PBXFileReference; explicitFileType = wrapper.cfbundle; includeInIndex = 0; path = YummlyTests.xctest; sourceTree = BUILT_PRODUCTS_DIR; };
		6AF7E2D92CE2091B00DB6091 /* YummlyUITests.xctest */ = {isa = PBXFileReference; explicitFileType = wrapper.cfbundle; includeInIndex = 0; path = YummlyUITests.xctest; sourceTree = BUILT_PRODUCTS_DIR; };
		6AF7E3002CE209B400DB6091 /* Preview Assets.xcassets */ = {isa = PBXFileReference; lastKnownFileType = folder.assetcatalog; path = "Preview Assets.xcassets"; sourceTree = "<group>"; };
		6AF7E3022CE209B400DB6091 /* Assets.xcassets */ = {isa = PBXFileReference; lastKnownFileType = folder.assetcatalog; path = Assets.xcassets; sourceTree = "<group>"; };
		6AF7E3032CE209B400DB6091 /* ContentView.swift */ = {isa = PBXFileReference; lastKnownFileType = sourcecode.swift; path = ContentView.swift; sourceTree = "<group>"; };
		6AF7E3042CE209B400DB6091 /* YummlyApp.swift */ = {isa = PBXFileReference; lastKnownFileType = sourcecode.swift; path = YummlyApp.swift; sourceTree = "<group>"; };
		6AF7E30A2CE209B400DB6091 /* YummlyTests.swift */ = {isa = PBXFileReference; lastKnownFileType = sourcecode.swift; path = YummlyTests.swift; sourceTree = "<group>"; };
		6AF7E3132CE20B1400DB6091 /* RecipesService.swift */ = {isa = PBXFileReference; lastKnownFileType = sourcecode.swift; path = RecipesService.swift; sourceTree = "<group>"; };
		6AF7E31B2CE2141100DB6091 /* RecipeListViewModel.swift */ = {isa = PBXFileReference; lastKnownFileType = sourcecode.swift; path = RecipeListViewModel.swift; sourceTree = "<group>"; };
		6AF7E31D2CE21FE500DB6091 /* README.md */ = {isa = PBXFileReference; lastKnownFileType = net.daringfireball.markdown; path = README.md; sourceTree = "<group>"; };
		6AF7E31E2CE2242600DB6091 /* Recipe.swift */ = {isa = PBXFileReference; lastKnownFileType = sourcecode.swift; path = Recipe.swift; sourceTree = "<group>"; };
		6AF7E32B2CE32E8D00DB6091 /* RecipesView.swift */ = {isa = PBXFileReference; lastKnownFileType = sourcecode.swift; path = RecipesView.swift; sourceTree = "<group>"; };
		6AF7E3322CE330E200DB6091 /* RecipeCell.swift */ = {isa = PBXFileReference; lastKnownFileType = sourcecode.swift; path = RecipeCell.swift; sourceTree = "<group>"; };
		6AF7E33E2CE389C900DB6091 /* Localizable.xcstrings */ = {isa = PBXFileReference; lastKnownFileType = text.json.xcstrings; path = Localizable.xcstrings; sourceTree = "<group>"; };
		6AF7E3402CE38FF600DB6091 /* NetworkManager.swift */ = {isa = PBXFileReference; lastKnownFileType = sourcecode.swift; path = NetworkManager.swift; sourceTree = "<group>"; };
/* End PBXFileReference section */

/* Begin PBXFrameworksBuildPhase section */
		6AF7E2BC2CE2091900DB6091 /* Frameworks */ = {
			isa = PBXFrameworksBuildPhase;
			buildActionMask = 2147483647;
			files = (
				6AF7E32F2CE32F0D00DB6091 /* Kingfisher in Frameworks */,
				6AF7E3252CE2277F00DB6091 /* Alamofire in Frameworks */,
			);
			runOnlyForDeploymentPostprocessing = 0;
		};
		6AF7E2CC2CE2091B00DB6091 /* Frameworks */ = {
			isa = PBXFrameworksBuildPhase;
			buildActionMask = 2147483647;
			files = (
			);
			runOnlyForDeploymentPostprocessing = 0;
		};
		6AF7E2D62CE2091B00DB6091 /* Frameworks */ = {
			isa = PBXFrameworksBuildPhase;
			buildActionMask = 2147483647;
			files = (
			);
			runOnlyForDeploymentPostprocessing = 0;
		};
/* End PBXFrameworksBuildPhase section */

/* Begin PBXGroup section */
		6AF7E2B62CE2091900DB6091 = {
			isa = PBXGroup;
			children = (
				6AF7E31D2CE21FE500DB6091 /* README.md */,
				6AF7E3052CE209B400DB6091 /* Yummly */,
				6AF7E30B2CE209B400DB6091 /* YummlyTests */,
				6AF7E3212CE226CF00DB6091 /* Frameworks */,
				6AF7E2C02CE2091900DB6091 /* Products */,
			);
			sourceTree = "<group>";
		};
		6AF7E2C02CE2091900DB6091 /* Products */ = {
			isa = PBXGroup;
			children = (
				6AF7E2BF2CE2091900DB6091 /* Yummly.app */,
				6AF7E2CF2CE2091B00DB6091 /* YummlyTests.xctest */,
				6AF7E2D92CE2091B00DB6091 /* YummlyUITests.xctest */,
			);
			name = Products;
			sourceTree = "<group>";
		};
		6AF7E3012CE209B400DB6091 /* Preview Content */ = {
			isa = PBXGroup;
			children = (
				6AF7E3002CE209B400DB6091 /* Preview Assets.xcassets */,
			);
			path = "Preview Content";
			sourceTree = "<group>";
		};
		6AF7E3052CE209B400DB6091 /* Yummly */ = {
			isa = PBXGroup;
			children = (
				6AF7E3042CE209B400DB6091 /* YummlyApp.swift */,
				6AF7E30D2CE209CD00DB6091 /* Features */,
				6AF7E3102CE20AAA00DB6091 /* Services */,
				6AF7E3392CE3575200DB6091 /* Coordinators */,
				6AF7E3372CE3571F00DB6091 /* Utilities */,
				6AF7E3342CE3559800DB6091 /* Resources */,
				6AF7E3012CE209B400DB6091 /* Preview Content */,
			);
			path = Yummly;
			sourceTree = "<group>";
		};
		6AF7E30B2CE209B400DB6091 /* YummlyTests */ = {
			isa = PBXGroup;
			children = (
				6AF7E30A2CE209B400DB6091 /* YummlyTests.swift */,
			);
			path = YummlyTests;
			sourceTree = "<group>";
		};
		6AF7E30D2CE209CD00DB6091 /* Features */ = {
			isa = PBXGroup;
			children = (
				6AF7E30E2CE20A5100DB6091 /* Common */,
				6AF7E30F2CE20A5700DB6091 /* RecipeList */,
			);
			path = Features;
			sourceTree = "<group>";
		};
		6AF7E30E2CE20A5100DB6091 /* Common */ = {
			isa = PBXGroup;
			children = (
				6AF7E3032CE209B400DB6091 /* ContentView.swift */,
			);
			path = Common;
			sourceTree = "<group>";
		};
		6AF7E30F2CE20A5700DB6091 /* RecipeList */ = {
			isa = PBXGroup;
			children = (
				6AF7E31B2CE2141100DB6091 /* RecipeListViewModel.swift */,
				6AF7E31E2CE2242600DB6091 /* Recipe.swift */,
				6AF7E32B2CE32E8D00DB6091 /* RecipesView.swift */,
				6AF7E3322CE330E200DB6091 /* RecipeCell.swift */,
			);
			path = RecipeList;
			sourceTree = "<group>";
		};
		6AF7E3102CE20AAA00DB6091 /* Services */ = {
			isa = PBXGroup;
			children = (
				6AF7E3132CE20B1400DB6091 /* RecipesService.swift */,
				6AF7E3122CE20ACB00DB6091 /* Database */,
				6AF7E33A2CE357F200DB6091 /* Networking */,
			);
			path = Services;
			sourceTree = "<group>";
		};
		6AF7E3122CE20ACB00DB6091 /* Database */ = {
			isa = PBXGroup;
			children = (
			);
			path = Database;
			sourceTree = "<group>";
		};
		6AF7E3212CE226CF00DB6091 /* Frameworks */ = {
			isa = PBXGroup;
			children = (
			);
			name = Frameworks;
			sourceTree = "<group>";
		};
		6AF7E3342CE3559800DB6091 /* Resources */ = {
			isa = PBXGroup;
			children = (
				6AF7E3022CE209B400DB6091 /* Assets.xcassets */,
				6AF7E33E2CE389C900DB6091 /* Localizable.xcstrings */,
			);
			path = Resources;
			sourceTree = "<group>";
		};
		6AF7E3372CE3571F00DB6091 /* Utilities */ = {
			isa = PBXGroup;
			children = (
				6AF7E3382CE3573500DB6091 /* Extensions */,
			);
			path = Utilities;
			sourceTree = "<group>";
		};
		6AF7E3382CE3573500DB6091 /* Extensions */ = {
			isa = PBXGroup;
			children = (
			);
			path = Extensions;
			sourceTree = "<group>";
		};
		6AF7E3392CE3575200DB6091 /* Coordinators */ = {
			isa = PBXGroup;
			children = (
			);
			path = Coordinators;
			sourceTree = "<group>";
		};
		6AF7E33A2CE357F200DB6091 /* Networking */ = {
			isa = PBXGroup;
			children = (
				6AF7E3402CE38FF600DB6091 /* NetworkManager.swift */,
			);
			path = Networking;
			sourceTree = "<group>";
		};
/* End PBXGroup section */

/* Begin PBXNativeTarget section */
		6AF7E2BE2CE2091900DB6091 /* Yummly */ = {
			isa = PBXNativeTarget;
			buildConfigurationList = 6AF7E2E32CE2091B00DB6091 /* Build configuration list for PBXNativeTarget "Yummly" */;
			buildPhases = (
				6AF7E2BB2CE2091900DB6091 /* Sources */,
				6AF7E2BC2CE2091900DB6091 /* Frameworks */,
				6AF7E2BD2CE2091900DB6091 /* Resources */,
			);
			buildRules = (
			);
			dependencies = (
				6AF7E31A2CE2124300DB6091 /* PBXTargetDependency */,
			);
			name = Yummly;
			packageProductDependencies = (
				6AF7E3242CE2277F00DB6091 /* Alamofire */,
				6AF7E32E2CE32F0D00DB6091 /* Kingfisher */,
			);
			productName = Yummly;
			productReference = 6AF7E2BF2CE2091900DB6091 /* Yummly.app */;
			productType = "com.apple.product-type.application";
		};
		6AF7E2CE2CE2091B00DB6091 /* YummlyTests */ = {
			isa = PBXNativeTarget;
			buildConfigurationList = 6AF7E2E62CE2091B00DB6091 /* Build configuration list for PBXNativeTarget "YummlyTests" */;
			buildPhases = (
				6AF7E2CB2CE2091B00DB6091 /* Sources */,
				6AF7E2CC2CE2091B00DB6091 /* Frameworks */,
				6AF7E2CD2CE2091B00DB6091 /* Resources */,
			);
			buildRules = (
			);
			dependencies = (
				6AF7E2D12CE2091B00DB6091 /* PBXTargetDependency */,
			);
			name = YummlyTests;
			packageProductDependencies = (
			);
			productName = YummlyTests;
			productReference = 6AF7E2CF2CE2091B00DB6091 /* YummlyTests.xctest */;
			productType = "com.apple.product-type.bundle.unit-test";
		};
		6AF7E2D82CE2091B00DB6091 /* YummlyUITests */ = {
			isa = PBXNativeTarget;
			buildConfigurationList = 6AF7E2E92CE2091B00DB6091 /* Build configuration list for PBXNativeTarget "YummlyUITests" */;
			buildPhases = (
				6AF7E2D52CE2091B00DB6091 /* Sources */,
				6AF7E2D62CE2091B00DB6091 /* Frameworks */,
				6AF7E2D72CE2091B00DB6091 /* Resources */,
			);
			buildRules = (
			);
			dependencies = (
				6AF7E2DB2CE2091B00DB6091 /* PBXTargetDependency */,
			);
			name = YummlyUITests;
			packageProductDependencies = (
			);
			productName = YummlyUITests;
			productReference = 6AF7E2D92CE2091B00DB6091 /* YummlyUITests.xctest */;
			productType = "com.apple.product-type.bundle.ui-testing";
		};
/* End PBXNativeTarget section */

/* Begin PBXProject section */
		6AF7E2B72CE2091900DB6091 /* Project object */ = {
			isa = PBXProject;
			attributes = {
				BuildIndependentTargetsInParallel = 1;
				LastSwiftUpdateCheck = 1610;
				LastUpgradeCheck = 1610;
				TargetAttributes = {
					6AF7E2BE2CE2091900DB6091 = {
						CreatedOnToolsVersion = 16.1;
					};
					6AF7E2CE2CE2091B00DB6091 = {
						CreatedOnToolsVersion = 16.1;
						TestTargetID = 6AF7E2BE2CE2091900DB6091;
					};
					6AF7E2D82CE2091B00DB6091 = {
						CreatedOnToolsVersion = 16.1;
						TestTargetID = 6AF7E2BE2CE2091900DB6091;
					};
				};
			};
			buildConfigurationList = 6AF7E2BA2CE2091900DB6091 /* Build configuration list for PBXProject "Yummly" */;
			developmentRegion = en;
			hasScannedForEncodings = 0;
			knownRegions = (
				en,
				Base,
			);
			mainGroup = 6AF7E2B62CE2091900DB6091;
			minimizedProjectReferenceProxies = 1;
			packageReferences = (
				6AF7E3182CE2123C00DB6091 /* XCRemoteSwiftPackageReference "Alamofire" */,
				6AF7E32D2CE32F0D00DB6091 /* XCRemoteSwiftPackageReference "Kingfisher" */,
			);
			preferredProjectObjectVersion = 77;
			productRefGroup = 6AF7E2C02CE2091900DB6091 /* Products */;
			projectDirPath = "";
			projectRoot = "";
			targets = (
				6AF7E2BE2CE2091900DB6091 /* Yummly */,
				6AF7E2CE2CE2091B00DB6091 /* YummlyTests */,
				6AF7E2D82CE2091B00DB6091 /* YummlyUITests */,
			);
		};
/* End PBXProject section */

/* Begin PBXResourcesBuildPhase section */
		6AF7E2BD2CE2091900DB6091 /* Resources */ = {
			isa = PBXResourcesBuildPhase;
			buildActionMask = 2147483647;
			files = (
				6AF7E3062CE209B400DB6091 /* Preview Assets.xcassets in Resources */,
				6AF7E3072CE209B400DB6091 /* Assets.xcassets in Resources */,
				6AF7E33F2CE389C900DB6091 /* Localizable.xcstrings in Resources */,
			);
			runOnlyForDeploymentPostprocessing = 0;
		};
		6AF7E2CD2CE2091B00DB6091 /* Resources */ = {
			isa = PBXResourcesBuildPhase;
			buildActionMask = 2147483647;
			files = (
			);
			runOnlyForDeploymentPostprocessing = 0;
		};
		6AF7E2D72CE2091B00DB6091 /* Resources */ = {
			isa = PBXResourcesBuildPhase;
			buildActionMask = 2147483647;
			files = (
			);
			runOnlyForDeploymentPostprocessing = 0;
		};
/* End PBXResourcesBuildPhase section */

/* Begin PBXSourcesBuildPhase section */
		6AF7E2BB2CE2091900DB6091 /* Sources */ = {
			isa = PBXSourcesBuildPhase;
			buildActionMask = 2147483647;
			files = (
				6AF7E31C2CE2141100DB6091 /* RecipeListViewModel.swift in Sources */,
				6AF7E3082CE209B400DB6091 /* ContentView.swift in Sources */,
				6AF7E3092CE209B400DB6091 /* YummlyApp.swift in Sources */,
				6AF7E3332CE330E200DB6091 /* RecipeCell.swift in Sources */,
				6AF7E3412CE38FF600DB6091 /* NetworkManager.swift in Sources */,
				6AF7E3142CE20B1400DB6091 /* RecipesService.swift in Sources */,
				6AF7E32C2CE32E8D00DB6091 /* RecipesView.swift in Sources */,
				6AF7E31F2CE2242600DB6091 /* Recipe.swift in Sources */,
			);
			runOnlyForDeploymentPostprocessing = 0;
		};
		6AF7E2CB2CE2091B00DB6091 /* Sources */ = {
			isa = PBXSourcesBuildPhase;
			buildActionMask = 2147483647;
			files = (
				6AF7E30C2CE209B400DB6091 /* YummlyTests.swift in Sources */,
			);
			runOnlyForDeploymentPostprocessing = 0;
		};
		6AF7E2D52CE2091B00DB6091 /* Sources */ = {
			isa = PBXSourcesBuildPhase;
			buildActionMask = 2147483647;
			files = (
			);
			runOnlyForDeploymentPostprocessing = 0;
		};
/* End PBXSourcesBuildPhase section */

/* Begin PBXTargetDependency section */
		6AF7E2D12CE2091B00DB6091 /* PBXTargetDependency */ = {
			isa = PBXTargetDependency;
			target = 6AF7E2BE2CE2091900DB6091 /* Yummly */;
			targetProxy = 6AF7E2D02CE2091B00DB6091 /* PBXContainerItemProxy */;
		};
		6AF7E2DB2CE2091B00DB6091 /* PBXTargetDependency */ = {
			isa = PBXTargetDependency;
			target = 6AF7E2BE2CE2091900DB6091 /* Yummly */;
			targetProxy = 6AF7E2DA2CE2091B00DB6091 /* PBXContainerItemProxy */;
		};
		6AF7E31A2CE2124300DB6091 /* PBXTargetDependency */ = {
			isa = PBXTargetDependency;
			productRef = 6AF7E3192CE2124300DB6091 /* Alamofire */;
		};
/* End PBXTargetDependency section */

/* Begin XCBuildConfiguration section */
		6AF7E2E12CE2091B00DB6091 /* Debug */ = {
			isa = XCBuildConfiguration;
			buildSettings = {
				ALWAYS_SEARCH_USER_PATHS = NO;
				ASSETCATALOG_COMPILER_GENERATE_SWIFT_ASSET_SYMBOL_EXTENSIONS = YES;
				CLANG_ANALYZER_NONNULL = YES;
				CLANG_ANALYZER_NUMBER_OBJECT_CONVERSION = YES_AGGRESSIVE;
				CLANG_CXX_LANGUAGE_STANDARD = "gnu++20";
				CLANG_ENABLE_MODULES = YES;
				CLANG_ENABLE_OBJC_ARC = YES;
				CLANG_ENABLE_OBJC_WEAK = YES;
				CLANG_WARN_BLOCK_CAPTURE_AUTORELEASING = YES;
				CLANG_WARN_BOOL_CONVERSION = YES;
				CLANG_WARN_COMMA = YES;
				CLANG_WARN_CONSTANT_CONVERSION = YES;
				CLANG_WARN_DEPRECATED_OBJC_IMPLEMENTATIONS = YES;
				CLANG_WARN_DIRECT_OBJC_ISA_USAGE = YES_ERROR;
				CLANG_WARN_DOCUMENTATION_COMMENTS = YES;
				CLANG_WARN_EMPTY_BODY = YES;
				CLANG_WARN_ENUM_CONVERSION = YES;
				CLANG_WARN_INFINITE_RECURSION = YES;
				CLANG_WARN_INT_CONVERSION = YES;
				CLANG_WARN_NON_LITERAL_NULL_CONVERSION = YES;
				CLANG_WARN_OBJC_IMPLICIT_RETAIN_SELF = YES;
				CLANG_WARN_OBJC_LITERAL_CONVERSION = YES;
				CLANG_WARN_OBJC_ROOT_CLASS = YES_ERROR;
				CLANG_WARN_QUOTED_INCLUDE_IN_FRAMEWORK_HEADER = YES;
				CLANG_WARN_RANGE_LOOP_ANALYSIS = YES;
				CLANG_WARN_STRICT_PROTOTYPES = YES;
				CLANG_WARN_SUSPICIOUS_MOVE = YES;
				CLANG_WARN_UNGUARDED_AVAILABILITY = YES_AGGRESSIVE;
				CLANG_WARN_UNREACHABLE_CODE = YES;
				CLANG_WARN__DUPLICATE_METHOD_MATCH = YES;
				COPY_PHASE_STRIP = NO;
				DEBUG_INFORMATION_FORMAT = dwarf;
				ENABLE_STRICT_OBJC_MSGSEND = YES;
				ENABLE_TESTABILITY = YES;
				ENABLE_USER_SCRIPT_SANDBOXING = YES;
				GCC_C_LANGUAGE_STANDARD = gnu17;
				GCC_DYNAMIC_NO_PIC = NO;
				GCC_NO_COMMON_BLOCKS = YES;
				GCC_OPTIMIZATION_LEVEL = 0;
				GCC_PREPROCESSOR_DEFINITIONS = (
					"DEBUG=1",
					"$(inherited)",
				);
				GCC_WARN_64_TO_32_BIT_CONVERSION = YES;
				GCC_WARN_ABOUT_RETURN_TYPE = YES_ERROR;
				GCC_WARN_UNDECLARED_SELECTOR = YES;
				GCC_WARN_UNINITIALIZED_AUTOS = YES_AGGRESSIVE;
				GCC_WARN_UNUSED_FUNCTION = YES;
				GCC_WARN_UNUSED_VARIABLE = YES;
				IPHONEOS_DEPLOYMENT_TARGET = 18.1;
				LOCALIZATION_PREFERS_STRING_CATALOGS = YES;
				MTL_ENABLE_DEBUG_INFO = INCLUDE_SOURCE;
				MTL_FAST_MATH = YES;
				ONLY_ACTIVE_ARCH = YES;
				SDKROOT = iphoneos;
				SWIFT_ACTIVE_COMPILATION_CONDITIONS = "DEBUG $(inherited)";
				SWIFT_EMIT_LOC_STRINGS = YES;
				SWIFT_OPTIMIZATION_LEVEL = "-Onone";
			};
			name = Debug;
		};
		6AF7E2E22CE2091B00DB6091 /* Release */ = {
			isa = XCBuildConfiguration;
			buildSettings = {
				ALWAYS_SEARCH_USER_PATHS = NO;
				ASSETCATALOG_COMPILER_GENERATE_SWIFT_ASSET_SYMBOL_EXTENSIONS = YES;
				CLANG_ANALYZER_NONNULL = YES;
				CLANG_ANALYZER_NUMBER_OBJECT_CONVERSION = YES_AGGRESSIVE;
				CLANG_CXX_LANGUAGE_STANDARD = "gnu++20";
				CLANG_ENABLE_MODULES = YES;
				CLANG_ENABLE_OBJC_ARC = YES;
				CLANG_ENABLE_OBJC_WEAK = YES;
				CLANG_WARN_BLOCK_CAPTURE_AUTORELEASING = YES;
				CLANG_WARN_BOOL_CONVERSION = YES;
				CLANG_WARN_COMMA = YES;
				CLANG_WARN_CONSTANT_CONVERSION = YES;
				CLANG_WARN_DEPRECATED_OBJC_IMPLEMENTATIONS = YES;
				CLANG_WARN_DIRECT_OBJC_ISA_USAGE = YES_ERROR;
				CLANG_WARN_DOCUMENTATION_COMMENTS = YES;
				CLANG_WARN_EMPTY_BODY = YES;
				CLANG_WARN_ENUM_CONVERSION = YES;
				CLANG_WARN_INFINITE_RECURSION = YES;
				CLANG_WARN_INT_CONVERSION = YES;
				CLANG_WARN_NON_LITERAL_NULL_CONVERSION = YES;
				CLANG_WARN_OBJC_IMPLICIT_RETAIN_SELF = YES;
				CLANG_WARN_OBJC_LITERAL_CONVERSION = YES;
				CLANG_WARN_OBJC_ROOT_CLASS = YES_ERROR;
				CLANG_WARN_QUOTED_INCLUDE_IN_FRAMEWORK_HEADER = YES;
				CLANG_WARN_RANGE_LOOP_ANALYSIS = YES;
				CLANG_WARN_STRICT_PROTOTYPES = YES;
				CLANG_WARN_SUSPICIOUS_MOVE = YES;
				CLANG_WARN_UNGUARDED_AVAILABILITY = YES_AGGRESSIVE;
				CLANG_WARN_UNREACHABLE_CODE = YES;
				CLANG_WARN__DUPLICATE_METHOD_MATCH = YES;
				COPY_PHASE_STRIP = NO;
				DEBUG_INFORMATION_FORMAT = "dwarf-with-dsym";
				ENABLE_NS_ASSERTIONS = NO;
				ENABLE_STRICT_OBJC_MSGSEND = YES;
				ENABLE_USER_SCRIPT_SANDBOXING = YES;
				GCC_C_LANGUAGE_STANDARD = gnu17;
				GCC_NO_COMMON_BLOCKS = YES;
				GCC_WARN_64_TO_32_BIT_CONVERSION = YES;
				GCC_WARN_ABOUT_RETURN_TYPE = YES_ERROR;
				GCC_WARN_UNDECLARED_SELECTOR = YES;
				GCC_WARN_UNINITIALIZED_AUTOS = YES_AGGRESSIVE;
				GCC_WARN_UNUSED_FUNCTION = YES;
				GCC_WARN_UNUSED_VARIABLE = YES;
				IPHONEOS_DEPLOYMENT_TARGET = 18.1;
				LOCALIZATION_PREFERS_STRING_CATALOGS = YES;
				MTL_ENABLE_DEBUG_INFO = NO;
				MTL_FAST_MATH = YES;
				SDKROOT = iphoneos;
				SWIFT_COMPILATION_MODE = wholemodule;
				SWIFT_EMIT_LOC_STRINGS = YES;
				VALIDATE_PRODUCT = YES;
			};
			name = Release;
		};
		6AF7E2E42CE2091B00DB6091 /* Debug */ = {
			isa = XCBuildConfiguration;
			buildSettings = {
				ASSETCATALOG_COMPILER_APPICON_NAME = AppIcon;
				ASSETCATALOG_COMPILER_GLOBAL_ACCENT_COLOR_NAME = AccentColor;
				CODE_SIGN_STYLE = Automatic;
				CURRENT_PROJECT_VERSION = 1;
				DEVELOPMENT_ASSET_PATHS = "\"Yummly/Preview Content\"";
				DEVELOPMENT_TEAM = HL3TG6P8PX;
				ENABLE_PREVIEWS = YES;
				GENERATE_INFOPLIST_FILE = YES;
				INFOPLIST_KEY_UIApplicationSceneManifest_Generation = YES;
				INFOPLIST_KEY_UIApplicationSupportsIndirectInputEvents = YES;
				INFOPLIST_KEY_UILaunchScreen_Generation = YES;
				INFOPLIST_KEY_UISupportedInterfaceOrientations_iPad = "UIInterfaceOrientationPortrait UIInterfaceOrientationPortraitUpsideDown UIInterfaceOrientationLandscapeLeft UIInterfaceOrientationLandscapeRight";
				INFOPLIST_KEY_UISupportedInterfaceOrientations_iPhone = "UIInterfaceOrientationPortrait UIInterfaceOrientationLandscapeLeft UIInterfaceOrientationLandscapeRight";
				LD_RUNPATH_SEARCH_PATHS = (
					"$(inherited)",
					"@executable_path/Frameworks",
				);
				MARKETING_VERSION = 1.0;
				PRODUCT_BUNDLE_IDENTIFIER = TristanNewman.Yummly;
				PRODUCT_NAME = "$(TARGET_NAME)";
				SWIFT_EMIT_LOC_STRINGS = YES;
				SWIFT_VERSION = 5.0;
				TARGETED_DEVICE_FAMILY = "1,2";
			};
			name = Debug;
		};
		6AF7E2E52CE2091B00DB6091 /* Release */ = {
			isa = XCBuildConfiguration;
			buildSettings = {
				ASSETCATALOG_COMPILER_APPICON_NAME = AppIcon;
				ASSETCATALOG_COMPILER_GLOBAL_ACCENT_COLOR_NAME = AccentColor;
				CODE_SIGN_STYLE = Automatic;
				CURRENT_PROJECT_VERSION = 1;
				DEVELOPMENT_ASSET_PATHS = "\"Yummly/Preview Content\"";
				DEVELOPMENT_TEAM = HL3TG6P8PX;
				ENABLE_PREVIEWS = YES;
				GENERATE_INFOPLIST_FILE = YES;
				INFOPLIST_KEY_UIApplicationSceneManifest_Generation = YES;
				INFOPLIST_KEY_UIApplicationSupportsIndirectInputEvents = YES;
				INFOPLIST_KEY_UILaunchScreen_Generation = YES;
				INFOPLIST_KEY_UISupportedInterfaceOrientations_iPad = "UIInterfaceOrientationPortrait UIInterfaceOrientationPortraitUpsideDown UIInterfaceOrientationLandscapeLeft UIInterfaceOrientationLandscapeRight";
				INFOPLIST_KEY_UISupportedInterfaceOrientations_iPhone = "UIInterfaceOrientationPortrait UIInterfaceOrientationLandscapeLeft UIInterfaceOrientationLandscapeRight";
				LD_RUNPATH_SEARCH_PATHS = (
					"$(inherited)",
					"@executable_path/Frameworks",
				);
				MARKETING_VERSION = 1.0;
				PRODUCT_BUNDLE_IDENTIFIER = TristanNewman.Yummly;
				PRODUCT_NAME = "$(TARGET_NAME)";
				SWIFT_EMIT_LOC_STRINGS = YES;
				SWIFT_VERSION = 5.0;
				TARGETED_DEVICE_FAMILY = "1,2";
			};
			name = Release;
		};
		6AF7E2E72CE2091B00DB6091 /* Debug */ = {
			isa = XCBuildConfiguration;
			buildSettings = {
				BUNDLE_LOADER = "$(TEST_HOST)";
				CODE_SIGN_STYLE = Automatic;
				CURRENT_PROJECT_VERSION = 1;
				DEVELOPMENT_TEAM = HL3TG6P8PX;
				GENERATE_INFOPLIST_FILE = YES;
				IPHONEOS_DEPLOYMENT_TARGET = 18.1;
				MARKETING_VERSION = 1.0;
				PRODUCT_BUNDLE_IDENTIFIER = TristanNewman.YummlyTests;
				PRODUCT_NAME = "$(TARGET_NAME)";
				SWIFT_EMIT_LOC_STRINGS = NO;
				SWIFT_VERSION = 5.0;
				TARGETED_DEVICE_FAMILY = "1,2";
				TEST_HOST = "$(BUILT_PRODUCTS_DIR)/Yummly.app/$(BUNDLE_EXECUTABLE_FOLDER_PATH)/Yummly";
			};
			name = Debug;
		};
		6AF7E2E82CE2091B00DB6091 /* Release */ = {
			isa = XCBuildConfiguration;
			buildSettings = {
				BUNDLE_LOADER = "$(TEST_HOST)";
				CODE_SIGN_STYLE = Automatic;
				CURRENT_PROJECT_VERSION = 1;
				DEVELOPMENT_TEAM = HL3TG6P8PX;
				GENERATE_INFOPLIST_FILE = YES;
				IPHONEOS_DEPLOYMENT_TARGET = 18.1;
				MARKETING_VERSION = 1.0;
				PRODUCT_BUNDLE_IDENTIFIER = TristanNewman.YummlyTests;
				PRODUCT_NAME = "$(TARGET_NAME)";
				SWIFT_EMIT_LOC_STRINGS = NO;
				SWIFT_VERSION = 5.0;
				TARGETED_DEVICE_FAMILY = "1,2";
				TEST_HOST = "$(BUILT_PRODUCTS_DIR)/Yummly.app/$(BUNDLE_EXECUTABLE_FOLDER_PATH)/Yummly";
			};
			name = Release;
		};
		6AF7E2EA2CE2091B00DB6091 /* Debug */ = {
			isa = XCBuildConfiguration;
			buildSettings = {
				CODE_SIGN_STYLE = Automatic;
				CURRENT_PROJECT_VERSION = 1;
				DEVELOPMENT_TEAM = HL3TG6P8PX;
				GENERATE_INFOPLIST_FILE = YES;
				MARKETING_VERSION = 1.0;
				PRODUCT_BUNDLE_IDENTIFIER = TristanNewman.YummlyUITests;
				PRODUCT_NAME = "$(TARGET_NAME)";
				SWIFT_EMIT_LOC_STRINGS = NO;
				SWIFT_VERSION = 5.0;
				TARGETED_DEVICE_FAMILY = "1,2";
				TEST_TARGET_NAME = Yummly;
			};
			name = Debug;
		};
		6AF7E2EB2CE2091B00DB6091 /* Release */ = {
			isa = XCBuildConfiguration;
			buildSettings = {
				CODE_SIGN_STYLE = Automatic;
				CURRENT_PROJECT_VERSION = 1;
				DEVELOPMENT_TEAM = HL3TG6P8PX;
				GENERATE_INFOPLIST_FILE = YES;
				MARKETING_VERSION = 1.0;
				PRODUCT_BUNDLE_IDENTIFIER = TristanNewman.YummlyUITests;
				PRODUCT_NAME = "$(TARGET_NAME)";
				SWIFT_EMIT_LOC_STRINGS = NO;
				SWIFT_VERSION = 5.0;
				TARGETED_DEVICE_FAMILY = "1,2";
				TEST_TARGET_NAME = Yummly;
			};
			name = Release;
		};
/* End XCBuildConfiguration section */

/* Begin XCConfigurationList section */
		6AF7E2BA2CE2091900DB6091 /* Build configuration list for PBXProject "Yummly" */ = {
			isa = XCConfigurationList;
			buildConfigurations = (
				6AF7E2E12CE2091B00DB6091 /* Debug */,
				6AF7E2E22CE2091B00DB6091 /* Release */,
			);
			defaultConfigurationIsVisible = 0;
			defaultConfigurationName = Release;
		};
		6AF7E2E32CE2091B00DB6091 /* Build configuration list for PBXNativeTarget "Yummly" */ = {
			isa = XCConfigurationList;
			buildConfigurations = (
				6AF7E2E42CE2091B00DB6091 /* Debug */,
				6AF7E2E52CE2091B00DB6091 /* Release */,
			);
			defaultConfigurationIsVisible = 0;
			defaultConfigurationName = Release;
		};
		6AF7E2E62CE2091B00DB6091 /* Build configuration list for PBXNativeTarget "YummlyTests" */ = {
			isa = XCConfigurationList;
			buildConfigurations = (
				6AF7E2E72CE2091B00DB6091 /* Debug */,
				6AF7E2E82CE2091B00DB6091 /* Release */,
			);
			defaultConfigurationIsVisible = 0;
			defaultConfigurationName = Release;
		};
		6AF7E2E92CE2091B00DB6091 /* Build configuration list for PBXNativeTarget "YummlyUITests" */ = {
			isa = XCConfigurationList;
			buildConfigurations = (
				6AF7E2EA2CE2091B00DB6091 /* Debug */,
				6AF7E2EB2CE2091B00DB6091 /* Release */,
			);
			defaultConfigurationIsVisible = 0;
			defaultConfigurationName = Release;
		};
/* End XCConfigurationList section */

/* Begin XCRemoteSwiftPackageReference section */
		6AF7E3182CE2123C00DB6091 /* XCRemoteSwiftPackageReference "Alamofire" */ = {
			isa = XCRemoteSwiftPackageReference;
			repositoryURL = "https://github.com/Alamofire/Alamofire";
			requirement = {
				kind = upToNextMajorVersion;
				minimumVersion = 5.10.1;
			};
		};
		6AF7E32D2CE32F0D00DB6091 /* XCRemoteSwiftPackageReference "Kingfisher" */ = {
			isa = XCRemoteSwiftPackageReference;
			repositoryURL = "https://github.com/onevcat/Kingfisher";
			requirement = {
				kind = upToNextMajorVersion;
				minimumVersion = 8.1.0;
			};
		};
/* End XCRemoteSwiftPackageReference section */

/* Begin XCSwiftPackageProductDependency section */
		6AF7E3192CE2124300DB6091 /* Alamofire */ = {
			isa = XCSwiftPackageProductDependency;
			package = 6AF7E3182CE2123C00DB6091 /* XCRemoteSwiftPackageReference "Alamofire" */;
			productName = Alamofire;
		};
		6AF7E3242CE2277F00DB6091 /* Alamofire */ = {
			isa = XCSwiftPackageProductDependency;
			package = 6AF7E3182CE2123C00DB6091 /* XCRemoteSwiftPackageReference "Alamofire" */;
			productName = Alamofire;
		};
		6AF7E32E2CE32F0D00DB6091 /* Kingfisher */ = {
			isa = XCSwiftPackageProductDependency;
			package = 6AF7E32D2CE32F0D00DB6091 /* XCRemoteSwiftPackageReference "Kingfisher" */;
			productName = Kingfisher;
		};
/* End XCSwiftPackageProductDependency section */
	};
	rootObject = 6AF7E2B72CE2091900DB6091 /* Project object */;
}
